
Microsoft Visual Studio Solution File, Format Version 12.00
# Visual Studio Version 17
VisualStudioVersion = 17.10.35027.167
MinimumVisualStudioVersion = 10.0.40219.1
Project("{FAE04EC0-301F-11D3-BF4B-00C04F79EFBC}") = "mvcproject", "mvcproject.csproj", "{94BD62AD-BFEA-4C30-B192-267A242FA2AD}"
EndProject
Global
	GlobalSection(SolutionConfigurationPlatforms) = preSolution
		Debug|Any CPU = Debug|Any CPU
		Release|Any CPU = Release|Any CPU
	EndGlobalSection
	GlobalSection(ProjectConfigurationPlatforms) = postSolution
		{94BD62AD-BFEA-4C30-B192-267A242FA2AD}.Debug|Any CPU.ActiveCfg = Debug|Any CPU
		{94BD62AD-BFEA-4C30-B192-267A242FA2AD}.Debug|Any CPU.Build.0 = Debug|Any CPU
		{94BD62AD-BFEA-4C30-B192-267A242FA2AD}.Release|Any CPU.ActiveCfg = Release|Any CPU
		{94BD62AD-BFEA-4C30-B192-267A242FA2AD}.Release|Any CPU.Build.0 = Release|Any CPU
	EndGlobalSection
	GlobalSection(SolutionProperties) = preSolution
		HideSolutionNode = FALSE
	EndGlobalSection
	GlobalSection(ExtensibilityGlobals) = postSolution
		SolutionGuid = {FE60AF45-37CA-4191-8157-410DFAB0DA55}
	EndGlobalSection
EndGlobal
